// !$*UTF8*$!
{
	archiveVersion = 1;
	classes = {
	};
	objectVersion = 50;
	objects = {

/* Begin PBXBuildFile section */
		E63FEA3D20AF6CCE0038244E /* AppDelegate.swift in Sources */ = {isa = PBXBuildFile; fileRef = E63FEA3C20AF6CCE0038244E /* AppDelegate.swift */; };
		E63FEA3F20AF6CCE0038244E /* ViewController.swift in Sources */ = {isa = PBXBuildFile; fileRef = E63FEA3E20AF6CCE0038244E /* ViewController.swift */; };
		E63FEA4220AF6CCE0038244E /* Main.storyboard in Resources */ = {isa = PBXBuildFile; fileRef = E63FEA4020AF6CCE0038244E /* Main.storyboard */; };
		E63FEA4520AF6CCE0038244E /* Souls_On_Board.xcdatamodeld in Sources */ = {isa = PBXBuildFile; fileRef = E63FEA4320AF6CCE0038244E /* Souls_On_Board.xcdatamodeld */; };
		E63FEA4720AF6CCF0038244E /* Assets.xcassets in Resources */ = {isa = PBXBuildFile; fileRef = E63FEA4620AF6CCF0038244E /* Assets.xcassets */; };
		E63FEA4A20AF6CCF0038244E /* LaunchScreen.storyboard in Resources */ = {isa = PBXBuildFile; fileRef = E63FEA4820AF6CCF0038244E /* LaunchScreen.storyboard */; };
/* End PBXBuildFile section */

/* Begin PBXFileReference section */
		E63FEA3920AF6CCE0038244E /* Souls On Board.app */ = {isa = PBXFileReference; explicitFileType = wrapper.application; includeInIndex = 0; path = "Souls On Board.app"; sourceTree = BUILT_PRODUCTS_DIR; };
		E63FEA3C20AF6CCE0038244E /* AppDelegate.swift */ = {isa = PBXFileReference; lastKnownFileType = sourcecode.swift; path = AppDelegate.swift; sourceTree = "<group>"; };
		E63FEA3E20AF6CCE0038244E /* ViewController.swift */ = {isa = PBXFileReference; lastKnownFileType = sourcecode.swift; path = ViewController.swift; sourceTree = "<group>"; };
		E63FEA4120AF6CCE0038244E /* Base */ = {isa = PBXFileReference; lastKnownFileType = file.storyboard; name = Base; path = Base.lproj/Main.storyboard; sourceTree = "<group>"; };
		E63FEA4420AF6CCE0038244E /* Souls_On_Board.xcdatamodel */ = {isa = PBXFileReference; lastKnownFileType = wrapper.xcdatamodel; path = Souls_On_Board.xcdatamodel; sourceTree = "<group>"; };
		E63FEA4620AF6CCF0038244E /* Assets.xcassets */ = {isa = PBXFileReference; lastKnownFileType = folder.assetcatalog; path = Assets.xcassets; sourceTree = "<group>"; };
		E63FEA4920AF6CCF0038244E /* Base */ = {isa = PBXFileReference; lastKnownFileType = file.storyboard; name = Base; path = Base.lproj/LaunchScreen.storyboard; sourceTree = "<group>"; };
		E63FEA4B20AF6CCF0038244E /* Info.plist */ = {isa = PBXFileReference; lastKnownFileType = text.plist.xml; path = Info.plist; sourceTree = "<group>"; };
/* End PBXFileReference section */

/* Begin PBXFrameworksBuildPhase section */
		E63FEA3620AF6CCE0038244E /* Frameworks */ = {
			isa = PBXFrameworksBuildPhase;
			buildActionMask = 2147483647;
			files = (
			);
			runOnlyForDeploymentPostprocessing = 0;
		};
/* End PBXFrameworksBuildPhase section */

/* Begin PBXGroup section */
		E63FEA3020AF6CCE0038244E = {
			isa = PBXGroup;
			children = (
				E63FEA3B20AF6CCE0038244E /* Souls On Board */,
				E63FEA3A20AF6CCE0038244E /* Products */,
			);
			sourceTree = "<group>";
		};
		E63FEA3A20AF6CCE0038244E /* Products */ = {
			isa = PBXGroup;
			children = (
				E63FEA3920AF6CCE0038244E /* Souls On Board.app */,
			);
			name = Products;
			sourceTree = "<group>";
		};
		E63FEA3B20AF6CCE0038244E /* Souls On Board */ = {
			isa = PBXGroup;
			children = (
				E63FEA3C20AF6CCE0038244E /* AppDelegate.swift */,
				E63FEA3E20AF6CCE0038244E /* ViewController.swift */,
				E63FEA4020AF6CCE0038244E /* Main.storyboard */,
				E63FEA4620AF6CCF0038244E /* Assets.xcassets */,
				E63FEA4820AF6CCF0038244E /* LaunchScreen.storyboard */,
				E63FEA4B20AF6CCF0038244E /* Info.plist */,
				E63FEA4320AF6CCE0038244E /* Souls_On_Board.xcdatamodeld */,
			);
			path = "Souls On Board";
			sourceTree = "<group>";
		};
/* End PBXGroup section */

/* Begin PBXNativeTarget section */
		E63FEA3820AF6CCE0038244E /* Souls On Board */ = {
			isa = PBXNativeTarget;
			buildConfigurationList = E63FEA4E20AF6CCF0038244E /* Build configuration list for PBXNativeTarget "Souls On Board" */;
			buildPhases = (
				E63FEA3520AF6CCE0038244E /* Sources */,
				E63FEA3620AF6CCE0038244E /* Frameworks */,
				E63FEA3720AF6CCE0038244E /* Resources */,
			);
			buildRules = (
			);
			dependencies = (
			);
			name = "Souls On Board";
			productName = "Souls On Board";
			productReference = E63FEA3920AF6CCE0038244E /* Souls On Board.app */;
			productType = "com.apple.product-type.application";
		};
/* End PBXNativeTarget section */

/* Begin PBXProject section */
		E63FEA3120AF6CCE0038244E /* Project object */ = {
			isa = PBXProject;
			attributes = {
				LastSwiftUpdateCheck = 0930;
				LastUpgradeCheck = 0930;
				ORGANIZATIONNAME = "brittany tart";
				TargetAttributes = {
					E63FEA3820AF6CCE0038244E = {
						CreatedOnToolsVersion = 9.3.1;
					};
				};
			};
			buildConfigurationList = E63FEA3420AF6CCE0038244E /* Build configuration list for PBXProject "Souls On Board" */;
			compatibilityVersion = "Xcode 9.3";
			developmentRegion = en;
			hasScannedForEncodings = 0;
			knownRegions = (
				en,
				Base,
			);
			mainGroup = E63FEA3020AF6CCE0038244E;
			productRefGroup = E63FEA3A20AF6CCE0038244E /* Products */;
			projectDirPath = "";
			projectRoot = "";
			targets = (
				E63FEA3820AF6CCE0038244E /* Souls On Board */,
			);
		};
/* End PBXProject section */

/* Begin PBXResourcesBuildPhase section */
		E63FEA3720AF6CCE0038244E /* Resources */ = {
			isa = PBXResourcesBuildPhase;
			buildActionMask = 2147483647;
			files = (
				E63FEA4A20AF6CCF0038244E /* LaunchScreen.storyboard in Resources */,
				E63FEA4720AF6CCF0038244E /* Assets.xcassets in Resources */,
				E63FEA4220AF6CCE0038244E /* Main.storyboard in Resources */,
			);
			runOnlyForDeploymentPostprocessing = 0;
		};
/* End PBXResourcesBuildPhase section */

/* Begin PBXSourcesBuildPhase section */
		E63FEA3520AF6CCE0038244E /* Sources */ = {
			isa = PBXSourcesBuildPhase;
			buildActionMask = 2147483647;
			files = (
				E63FEA3F20AF6CCE0038244E /* ViewController.swift in Sources */,
				E63FEA3D20AF6CCE0038244E /* AppDelegate.swift in Sources */,
				E63FEA4520AF6CCE0038244E /* Souls_On_Board.xcdatamodeld in Sources */,
			);
			runOnlyForDeploymentPostprocessing = 0;
		};
/* End PBXSourcesBuildPhase section */

/* Begin PBXVariantGroup section */
		E63FEA4020AF6CCE0038244E /* Main.storyboard */ = {
			isa = PBXVariantGroup;
			children = (
				E63FEA4120AF6CCE0038244E /* Base */,
			);
			name = Main.storyboard;
			sourceTree = "<group>";
		};
		E63FEA4820AF6CCF0038244E /* LaunchScreen.storyboard */ = {
			isa = PBXVariantGroup;
			children = (
				E63FEA4920AF6CCF0038244E /* Base */,
			);
			name = LaunchScreen.storyboard;
			sourceTree = "<group>";
		};
/* End PBXVariantGroup section */

/* Begin XCBuildConfiguration section */
		E63FEA4C20AF6CCF0038244E /* Debug */ = {
			isa = XCBuildConfiguration;
			buildSettings = {
				ALWAYS_SEARCH_USER_PATHS = NO;
				CLANG_ANALYZER_NONNULL = YES;
				CLANG_ANALYZER_NUMBER_OBJECT_CONVERSION = YES_AGGRESSIVE;
				CLANG_CXX_LANGUAGE_STANDARD = "gnu++14";
				CLANG_CXX_LIBRARY = "libc++";
				CLANG_ENABLE_MODULES = YES;
				CLANG_ENABLE_OBJC_ARC = YES;
				CLANG_ENABLE_OBJC_WEAK = YES;
				CLANG_WARN_BLOCK_CAPTURE_AUTORELEASING = YES;
				CLANG_WARN_BOOL_CONVERSION = YES;
				CLANG_WARN_COMMA = YES;
				CLANG_WARN_CONSTANT_CONVERSION = YES;
				CLANG_WARN_DEPRECATED_OBJC_IMPLEMENTATIONS = YES;
				CLANG_WARN_DIRECT_OBJC_ISA_USAGE = YES_ERROR;
				CLANG_WARN_DOCUMENTATION_COMMENTS = YES;
				CLANG_WARN_EMPTY_BODY = YES;
				CLANG_WARN_ENUM_CONVERSION = YES;
				CLANG_WARN_INFINITE_RECURSION = YES;
				CLANG_WARN_INT_CONVERSION = YES;
				CLANG_WARN_NON_LITERAL_NULL_CONVERSION = YES;
				CLANG_WARN_OBJC_IMPLICIT_RETAIN_SELF = YES;
				CLANG_WARN_OBJC_LITERAL_CONVERSION = YES;
				CLANG_WARN_OBJC_ROOT_CLASS = YES_ERROR;
				CLANG_WARN_RANGE_LOOP_ANALYSIS = YES;
				CLANG_WARN_STRICT_PROTOTYPES = YES;
				CLANG_WARN_SUSPICIOUS_MOVE = YES;
				CLANG_WARN_UNGUARDED_AVAILABILITY = YES_AGGRESSIVE;
				CLANG_WARN_UNREACHABLE_CODE = YES;
				CLANG_WARN__DUPLICATE_METHOD_MATCH = YES;
				CODE_SIGN_IDENTITY = "iPhone Developer";
				COPY_PHASE_STRIP = NO;
				DEBUG_INFORMATION_FORMAT = dwarf;
				ENABLE_STRICT_OBJC_MSGSEND = YES;
				ENABLE_TESTABILITY = YES;
				GCC_C_LANGUAGE_STANDARD = gnu11;
				GCC_DYNAMIC_NO_PIC = NO;
				GCC_NO_COMMON_BLOCKS = YES;
				GCC_OPTIMIZATION_LEVEL = 0;
				GCC_PREPROCESSOR_DEFINITIONS = (
					"DEBUG=1",
					"$(inherited)",
				);
				GCC_WARN_64_TO_32_BIT_CONVERSION = YES;
				GCC_WARN_ABOUT_RETURN_TYPE = YES_ERROR;
				GCC_WARN_UNDECLARED_SELECTOR = YES;
				GCC_WARN_UNINITIALIZED_AUTOS = YES_AGGRESSIVE;
				GCC_WARN_UNUSED_FUNCTION = YES;
				GCC_WARN_UNUSED_VARIABLE = YES;
				IPHONEOS_DEPLOYMENT_TARGET = 11.3;
				MTL_ENABLE_DEBUG_INFO = YES;
				ONLY_ACTIVE_ARCH = YES;
				SDKROOT = iphoneos;
				SWIFT_ACTIVE_COMPILATION_CONDITIONS = DEBUG;
				SWIFT_OPTIMIZATION_LEVEL = "-Onone";
			};
			name = Debug;
		};
		E63FEA4D20AF6CCF0038244E /* Release */ = {
			isa = XCBuildConfiguration;
			buildSettings = {
				ALWAYS_SEARCH_USER_PATHS = NO;
				CLANG_ANALYZER_NONNULL = YES;
				CLANG_ANALYZER_NUMBER_OBJECT_CONVERSION = YES_AGGRESSIVE;
				CLANG_CXX_LANGUAGE_STANDARD = "gnu++14";
				CLANG_CXX_LIBRARY = "libc++";
				CLANG_ENABLE_MODULES = YES;
				CLANG_ENABLE_OBJC_ARC = YES;
				CLANG_ENABLE_OBJC_WEAK = YES;
				CLANG_WARN_BLOCK_CAPTURE_AUTORELEASING = YES;
				CLANG_WARN_BOOL_CONVERSION = YES;
				CLANG_WARN_COMMA = YES;
				CLANG_WARN_CONSTANT_CONVERSION = YES;
				CLANG_WARN_DEPRECATED_OBJC_IMPLEMENTATIONS = YES;
				CLANG_WARN_DIRECT_OBJC_ISA_USAGE = YES_ERROR;
				CLANG_WARN_DOCUMENTATION_COMMENTS = YES;
				CLANG_WARN_EMPTY_BODY = YES;
				CLANG_WARN_ENUM_CONVERSION = YES;
				CLANG_WARN_INFINITE_RECURSION = YES;
				CLANG_WARN_INT_CONVERSION = YES;
				CLANG_WARN_NON_LITERAL_NULL_CONVERSION = YES;
				CLANG_WARN_OBJC_IMPLICIT_RETAIN_SELF = YES;
				CLANG_WARN_OBJC_LITERAL_CONVERSION = YES;
				CLANG_WARN_OBJC_ROOT_CLASS = YES_ERROR;
				CLANG_WARN_RANGE_LOOP_ANALYSIS = YES;
				CLANG_WARN_STRICT_PROTOTYPES = YES;
				CLANG_WARN_SUSPICIOUS_MOVE = YES;
				CLANG_WARN_UNGUARDED_AVAILABILITY = YES_AGGRESSIVE;
				CLANG_WARN_UNREACHABLE_CODE = YES;
				CLANG_WARN__DUPLICATE_METHOD_MATCH = YES;
				CODE_SIGN_IDENTITY = "iPhone Developer";
				COPY_PHASE_STRIP = NO;
				DEBUG_INFORMATION_FORMAT = "dwarf-with-dsym";
				ENABLE_NS_ASSERTIONS = NO;
				ENABLE_STRICT_OBJC_MSGSEND = YES;
				GCC_C_LANGUAGE_STANDARD = gnu11;
				GCC_NO_COMMON_BLOCKS = YES;
				GCC_WARN_64_TO_32_BIT_CONVERSION = YES;
				GCC_WARN_ABOUT_RETURN_TYPE = YES_ERROR;
				GCC_WARN_UNDECLARED_SELECTOR = YES;
				GCC_WARN_UNINITIALIZED_AUTOS = YES_AGGRESSIVE;
				GCC_WARN_UNUSED_FUNCTION = YES;
				GCC_WARN_UNUSED_VARIABLE = YES;
				IPHONEOS_DEPLOYMENT_TARGET = 11.3;
				MTL_ENABLE_DEBUG_INFO = NO;
				SDKROOT = iphoneos;
				SWIFT_COMPILATION_MODE = wholemodule;
				SWIFT_OPTIMIZATION_LEVEL = "-O";
				VALIDATE_PRODUCT = YES;
			};
			name = Release;
		};
		E63FEA4F20AF6CCF0038244E /* Debug */ = {
			isa = XCBuildConfiguration;
			buildSettings = {
				ASSETCATALOG_COMPILER_APPICON_NAME = AppIcon;
				CODE_SIGN_STYLE = Automatic;
				INFOPLIST_FILE = "Souls On Board/Info.plist";
				LD_RUNPATH_SEARCH_PATHS = (
					"$(inherited)",
					"@executable_path/Frameworks",
				);
				PRODUCT_BUNDLE_IDENTIFIER = "brittany.tart.Souls-On-Board";
				PRODUCT_NAME = "$(TARGET_NAME)";
				SWIFT_VERSION = 4.0;
				TARGETED_DEVICE_FAMILY = "1,2";
			};
			name = Debug;
		};
		E63FEA5020AF6CCF0038244E /* Release */ = {
			isa = XCBuildConfiguration;
			buildSettings = {
				ASSETCATALOG_COMPILER_APPICON_NAME = AppIcon;
				CODE_SIGN_STYLE = Automatic;
				INFOPLIST_FILE = "Souls On Board/Info.plist";
				LD_RUNPATH_SEARCH_PATHS = (
					"$(inherited)",
					"@executable_path/Frameworks",
				);
				PRODUCT_BUNDLE_IDENTIFIER = "brittany.tart.Souls-On-Board";
				PRODUCT_NAME = "$(TARGET_NAME)";
				SWIFT_VERSION = 4.0;
				TARGETED_DEVICE_FAMILY = "1,2";
			};
			name = Release;
		};
/* End XCBuildConfiguration section */

/* Begin XCConfigurationList section */
		E63FEA3420AF6CCE0038244E /* Build configuration list for PBXProject "Souls On Board" */ = {
			isa = XCConfigurationList;
			buildConfigurations = (
				E63FEA4C20AF6CCF0038244E /* Debug */,
				E63FEA4D20AF6CCF0038244E /* Release */,
			);
			defaultConfigurationIsVisible = 0;
			defaultConfigurationName = Release;
		};
		E63FEA4E20AF6CCF0038244E /* Build configuration list for PBXNativeTarget "Souls On Board" */ = {
			isa = XCConfigurationList;
			buildConfigurations = (
				E63FEA4F20AF6CCF0038244E /* Debug */,
				E63FEA5020AF6CCF0038244E /* Release */,
			);
			defaultConfigurationIsVisible = 0;
			defaultConfigurationName = Release;
		};
/* End XCConfigurationList section */

/* Begin XCVersionGroup section */
		E63FEA4320AF6CCE0038244E /* Souls_On_Board.xcdatamodeld */ = {
			isa = XCVersionGroup;
			children = (
				E63FEA4420AF6CCE0038244E /* Souls_On_Board.xcdatamodel */,
			);
			currentVersion = E63FEA4420AF6CCE0038244E /* Souls_On_Board.xcdatamodel */;
			path = Souls_On_Board.xcdatamodeld;
			sourceTree = "<group>";
			versionGroupType = wrapper.xcdatamodel;
		};
/* End XCVersionGroup section */
	};
	rootObject = E63FEA3120AF6CCE0038244E /* Project object */;
}
